
Microsoft Visual Studio Solution File, Format Version 12.00
# Visual Studio Version 17
VisualStudioVersion = 17.4.33122.133
MinimumVisualStudioVersion = 10.0.40219.1
Project("{9A19103F-16F7-4668-BE54-9A1E7A4F7556}") = "Peliculas.WebApi", "Peliculas.WebApi\Peliculas.WebApi.csproj", "{267FFE3F-9CA4-473E-9CED-1571F1D35B4B}"
EndProject
Project("{54A90642-561A-4BB1-A94E-469ADEE60C69}") = "Peliculas.ReactApp", "Peliculas.ReactApp\Peliculas.ReactApp.esproj", "{89407E15-91A3-4678-8891-25A972E00004}"
EndProject
Global
	GlobalSection(SolutionConfigurationPlatforms) = preSolution
		Debug|Any CPU = Debug|Any CPU
		Release|Any CPU = Release|Any CPU
	EndGlobalSection
	GlobalSection(ProjectConfigurationPlatforms) = postSolution
		{267FFE3F-9CA4-473E-9CED-1571F1D35B4B}.Debug|Any CPU.ActiveCfg = Debug|Any CPU
		{267FFE3F-9CA4-473E-9CED-1571F1D35B4B}.Debug|Any CPU.Build.0 = Debug|Any CPU
		{267FFE3F-9CA4-473E-9CED-1571F1D35B4B}.Release|Any CPU.ActiveCfg = Release|Any CPU
		{267FFE3F-9CA4-473E-9CED-1571F1D35B4B}.Release|Any CPU.Build.0 = Release|Any CPU
		{89407E15-91A3-4678-8891-25A972E00004}.Debug|Any CPU.ActiveCfg = Debug|Any CPU
		{89407E15-91A3-4678-8891-25A972E00004}.Debug|Any CPU.Build.0 = Debug|Any CPU
		{89407E15-91A3-4678-8891-25A972E00004}.Debug|Any CPU.Deploy.0 = Debug|Any CPU
		{89407E15-91A3-4678-8891-25A972E00004}.Release|Any CPU.ActiveCfg = Release|Any CPU
		{89407E15-91A3-4678-8891-25A972E00004}.Release|Any CPU.Build.0 = Release|Any CPU
		{89407E15-91A3-4678-8891-25A972E00004}.Release|Any CPU.Deploy.0 = Release|Any CPU
	EndGlobalSection
	GlobalSection(SolutionProperties) = preSolution
		HideSolutionNode = FALSE
	EndGlobalSection
	GlobalSection(ExtensibilityGlobals) = postSolution
		SolutionGuid = {E8511482-C5B3-490E-B9A3-8CCBE71FDBF1}
	EndGlobalSection
EndGlobal
