
Microsoft Visual Studio Solution File, Format Version 12.00
# Visual Studio Version 17
VisualStudioVersion = 17.4.33122.133
MinimumVisualStudioVersion = 10.0.40219.1
Project("{00D1A9C2-B5F0-4AF3-8072-F6C62B433612}") = "PeliculasDB", "PeliculasDB\PeliculasDB.sqlproj", "{52156E15-F369-4D9C-A09F-D25F3A3A50AA}"
EndProject
Project("{9A19103F-16F7-4668-BE54-9A1E7A4F7556}") = "Peliculas.Web", "Peliculas.Web\Peliculas.Web.csproj", "{B178C38E-02D3-4F1D-8921-E1959A40D321}"
EndProject
Global
	GlobalSection(SolutionConfigurationPlatforms) = preSolution
		Debug|Any CPU = Debug|Any CPU
		Release|Any CPU = Release|Any CPU
	EndGlobalSection
	GlobalSection(ProjectConfigurationPlatforms) = postSolution
		{52156E15-F369-4D9C-A09F-D25F3A3A50AA}.Debug|Any CPU.ActiveCfg = Debug|Any CPU
		{52156E15-F369-4D9C-A09F-D25F3A3A50AA}.Debug|Any CPU.Build.0 = Debug|Any CPU
		{52156E15-F369-4D9C-A09F-D25F3A3A50AA}.Debug|Any CPU.Deploy.0 = Debug|Any CPU
		{52156E15-F369-4D9C-A09F-D25F3A3A50AA}.Release|Any CPU.ActiveCfg = Release|Any CPU
		{52156E15-F369-4D9C-A09F-D25F3A3A50AA}.Release|Any CPU.Build.0 = Release|Any CPU
		{52156E15-F369-4D9C-A09F-D25F3A3A50AA}.Release|Any CPU.Deploy.0 = Release|Any CPU
		{B178C38E-02D3-4F1D-8921-E1959A40D321}.Debug|Any CPU.ActiveCfg = Debug|Any CPU
		{B178C38E-02D3-4F1D-8921-E1959A40D321}.Debug|Any CPU.Build.0 = Debug|Any CPU
		{B178C38E-02D3-4F1D-8921-E1959A40D321}.Release|Any CPU.ActiveCfg = Release|Any CPU
		{B178C38E-02D3-4F1D-8921-E1959A40D321}.Release|Any CPU.Build.0 = Release|Any CPU
	EndGlobalSection
	GlobalSection(SolutionProperties) = preSolution
		HideSolutionNode = FALSE
	EndGlobalSection
	GlobalSection(ExtensibilityGlobals) = postSolution
		SolutionGuid = {E8511482-C5B3-490E-B9A3-8CCBE71FDBF1}
	EndGlobalSection
EndGlobal
